
Microsoft Visual Studio Solution File, Format Version 12.00
# Visual Studio Version 17
VisualStudioVersion = 17.9.34616.47
MinimumVisualStudioVersion = 10.0.40219.1
Project("{FAE04EC0-301F-11D3-BF4B-00C04F79EFBC}") = "TakeMeToSpace", "TakeMeToSpace\TakeMeToSpace.csproj", "{CEB995EC-4ECC-4036-96EB-39450C667110}"
EndProject
Global
	GlobalSection(SolutionConfigurationPlatforms) = preSolution
		Debug|Any CPU = Debug|Any CPU
		Release|Any CPU = Release|Any CPU
	EndGlobalSection
	GlobalSection(ProjectConfigurationPlatforms) = postSolution
		{CEB995EC-4ECC-4036-96EB-39450C667110}.Debug|Any CPU.ActiveCfg = Debug|Any CPU
		{CEB995EC-4ECC-4036-96EB-39450C667110}.Debug|Any CPU.Build.0 = Debug|Any CPU
		{CEB995EC-4ECC-4036-96EB-39450C667110}.Release|Any CPU.ActiveCfg = Release|Any CPU
		{CEB995EC-4ECC-4036-96EB-39450C667110}.Release|Any CPU.Build.0 = Release|Any CPU
	EndGlobalSection
	GlobalSection(SolutionProperties) = preSolution
		HideSolutionNode = FALSE
	EndGlobalSection
	GlobalSection(ExtensibilityGlobals) = postSolution
		SolutionGuid = {640FAB03-9168-439B-BDDF-B656A9EF4F6B}
	EndGlobalSection
EndGlobal
